
Microsoft Visual Studio Solution File, Format Version 12.00
# Visual Studio Version 16
VisualStudioVersion = 16.0.31515.178
MinimumVisualStudioVersion = 10.0.40219.1
Project("{FAE04EC0-301F-11D3-BF4B-00C04F79EFBC}") = "PSS", "PSS.csproj", "{6188D6FF-4CBF-46A4-8868-7365B6482EFA}"
EndProject
Project("{FAE04EC0-301F-11D3-BF4B-00C04F79EFBC}") = "PSSCMS", "..\PSSCMS\PSSCMS.csproj", "{CBF4ECF1-9BC5-4E2D-B537-39500349BCF8}"
EndProject
Global
	GlobalSection(SolutionConfigurationPlatforms) = preSolution
		Debug|Any CPU = Debug|Any CPU
		Release|Any CPU = Release|Any CPU
	EndGlobalSection
	GlobalSection(ProjectConfigurationPlatforms) = postSolution
		{6188D6FF-4CBF-46A4-8868-7365B6482EFA}.Debug|Any CPU.ActiveCfg = Debug|Any CPU
		{6188D6FF-4CBF-46A4-8868-7365B6482EFA}.Debug|Any CPU.Build.0 = Debug|Any CPU
		{6188D6FF-4CBF-46A4-8868-7365B6482EFA}.Release|Any CPU.ActiveCfg = Release|Any CPU
		{6188D6FF-4CBF-46A4-8868-7365B6482EFA}.Release|Any CPU.Build.0 = Release|Any CPU
		{CBF4ECF1-9BC5-4E2D-B537-39500349BCF8}.Debug|Any CPU.ActiveCfg = Debug|Any CPU
		{CBF4ECF1-9BC5-4E2D-B537-39500349BCF8}.Debug|Any CPU.Build.0 = Debug|Any CPU
		{CBF4ECF1-9BC5-4E2D-B537-39500349BCF8}.Release|Any CPU.ActiveCfg = Release|Any CPU
		{CBF4ECF1-9BC5-4E2D-B537-39500349BCF8}.Release|Any CPU.Build.0 = Release|Any CPU
	EndGlobalSection
	GlobalSection(SolutionProperties) = preSolution
		HideSolutionNode = FALSE
	EndGlobalSection
	GlobalSection(ExtensibilityGlobals) = postSolution
		SolutionGuid = {3F50598E-A56E-48DA-9D15-858F27057434}
	EndGlobalSection
EndGlobal
